
Microsoft Visual Studio Solution File, Format Version 12.00
# Visual Studio Express 2012 for Web
Project("{FAE04EC0-301F-11D3-BF4B-00C04F79EFBC}") = "car-app", "car-app\car-app.csproj", "{866460EA-A864-44FC-A240-4E0913256E2A}"
EndProject
Project("{FAE04EC0-301F-11D3-BF4B-00C04F79EFBC}") = "car-app.Tests", "car-app.Tests\car-app.Tests.csproj", "{E3CA7C2F-56F2-4B3A-820B-BCDD9C080882}"
EndProject
Global
	GlobalSection(SolutionConfigurationPlatforms) = preSolution
		Debug|Any CPU = Debug|Any CPU
		Release|Any CPU = Release|Any CPU
	EndGlobalSection
	GlobalSection(ProjectConfigurationPlatforms) = postSolution
		{866460EA-A864-44FC-A240-4E0913256E2A}.Debug|Any CPU.ActiveCfg = Debug|Any CPU
		{866460EA-A864-44FC-A240-4E0913256E2A}.Debug|Any CPU.Build.0 = Debug|Any CPU
		{866460EA-A864-44FC-A240-4E0913256E2A}.Release|Any CPU.ActiveCfg = Release|Any CPU
		{866460EA-A864-44FC-A240-4E0913256E2A}.Release|Any CPU.Build.0 = Release|Any CPU
		{E3CA7C2F-56F2-4B3A-820B-BCDD9C080882}.Debug|Any CPU.ActiveCfg = Debug|Any CPU
		{E3CA7C2F-56F2-4B3A-820B-BCDD9C080882}.Debug|Any CPU.Build.0 = Debug|Any CPU
		{E3CA7C2F-56F2-4B3A-820B-BCDD9C080882}.Release|Any CPU.ActiveCfg = Release|Any CPU
		{E3CA7C2F-56F2-4B3A-820B-BCDD9C080882}.Release|Any CPU.Build.0 = Release|Any CPU
	EndGlobalSection
	GlobalSection(SolutionProperties) = preSolution
		HideSolutionNode = FALSE
	EndGlobalSection
EndGlobal
